
Microsoft Visual Studio Solution File, Format Version 12.00
# Visual Studio Version 16
VisualStudioVersion = 16.0.30225.117
MinimumVisualStudioVersion = 10.0.40219.1
Project("{FAE04EC0-301F-11D3-BF4B-00C04F79EFBC}") = "WindowsFormsApp120", "WindowsFormsApp120\WindowsFormsApp120.csproj", "{0DB8899C-AD93-489E-909D-193362CCE339}"
EndProject
Global
	GlobalSection(SolutionConfigurationPlatforms) = preSolution
		Debug|Any CPU = Debug|Any CPU
		Release|Any CPU = Release|Any CPU
	EndGlobalSection
	GlobalSection(ProjectConfigurationPlatforms) = postSolution
		{0DB8899C-AD93-489E-909D-193362CCE339}.Debug|Any CPU.ActiveCfg = Debug|Any CPU
		{0DB8899C-AD93-489E-909D-193362CCE339}.Debug|Any CPU.Build.0 = Debug|Any CPU
		{0DB8899C-AD93-489E-909D-193362CCE339}.Release|Any CPU.ActiveCfg = Release|Any CPU
		{0DB8899C-AD93-489E-909D-193362CCE339}.Release|Any CPU.Build.0 = Release|Any CPU
	EndGlobalSection
	GlobalSection(SolutionProperties) = preSolution
		HideSolutionNode = FALSE
	EndGlobalSection
	GlobalSection(ExtensibilityGlobals) = postSolution
		SolutionGuid = {818FAE36-E084-4E19-8364-857D6171BCE5}
	EndGlobalSection
EndGlobal
